
Microsoft Visual Studio Solution File, Format Version 12.00
# Visual Studio Version 17
VisualStudioVersion = 17.4.33205.214
MinimumVisualStudioVersion = 10.0.40219.1
Project("{FAE04EC0-301F-11D3-BF4B-00C04F79EFBC}") = "GoalChap3AddTax", "GoalChap3AddTax\GoalChap3AddTax.csproj", "{35DEDA19-5186-459D-91EA-7A6D7D20CF07}"
EndProject
Global
	GlobalSection(SolutionConfigurationPlatforms) = preSolution
		Debug|Any CPU = Debug|Any CPU
		Release|Any CPU = Release|Any CPU
	EndGlobalSection
	GlobalSection(ProjectConfigurationPlatforms) = postSolution
		{35DEDA19-5186-459D-91EA-7A6D7D20CF07}.Debug|Any CPU.ActiveCfg = Debug|Any CPU
		{35DEDA19-5186-459D-91EA-7A6D7D20CF07}.Debug|Any CPU.Build.0 = Debug|Any CPU
		{35DEDA19-5186-459D-91EA-7A6D7D20CF07}.Release|Any CPU.ActiveCfg = Release|Any CPU
		{35DEDA19-5186-459D-91EA-7A6D7D20CF07}.Release|Any CPU.Build.0 = Release|Any CPU
	EndGlobalSection
	GlobalSection(SolutionProperties) = preSolution
		HideSolutionNode = FALSE
	EndGlobalSection
	GlobalSection(ExtensibilityGlobals) = postSolution
		SolutionGuid = {686E4C7F-15EE-4CFF-9F0E-BFA8DD1AC42F}
	EndGlobalSection
EndGlobal
